
Microsoft Visual Studio Solution File, Format Version 12.00
# Visual Studio Version 16
VisualStudioVersion = 16.0.30523.141
MinimumVisualStudioVersion = 10.0.40219.1
Project("{2150E333-8FDC-42A3-9474-1A3956D46DE8}") = "DataStructures", "DataStructures", "{A410B1EF-366C-47F7-8008-A67689C0840B}"
EndProject
Project("{2150E333-8FDC-42A3-9474-1A3956D46DE8}") = "Algorithms", "Algorithms", "{943325AD-CBE7-4FF6-9724-FF41657DD658}"
EndProject
Project("{9A19103F-16F7-4668-BE54-9A1E7A4F7556}") = "DS.LinkedList", "DS.LinkedList\DS.LinkedList.csproj", "{D4075144-F2B0-4A9B-A85F-C2DD1825604E}"
EndProject
Project("{9A19103F-16F7-4668-BE54-9A1E7A4F7556}") = "DS.Queue", "DS.Queue\DS.Queue.csproj", "{2A6F9DCC-DDA8-420D-8E4E-C397C5CB75BA}"
EndProject
Project("{9A19103F-16F7-4668-BE54-9A1E7A4F7556}") = "DS.Stack", "DS.Stack\DS.Stack.csproj", "{317D6783-D48A-457E-B14C-156707467B51}"
EndProject
Project("{9A19103F-16F7-4668-BE54-9A1E7A4F7556}") = "DS.Tree", "DS.Tree\DS.Tree.csproj", "{C2279329-8980-4F85-97D4-9D2B76B296E6}"
EndProject
Project("{2150E333-8FDC-42A3-9474-1A3956D46DE8}") = "DesignPatterns", "DesignPatterns", "{78DBCBAC-65B6-4BA1-AAE7-20C6AD165653}"
EndProject
Project("{9A19103F-16F7-4668-BE54-9A1E7A4F7556}") = "DP.Singleton", "DP.Singleton\DP.Singleton.csproj", "{B66295C2-3EE1-4F01-9F44-789D4EA8F52A}"
EndProject
Project("{9A19103F-16F7-4668-BE54-9A1E7A4F7556}") = "DP.SimpleFactory", "DP.SimpleFactory\DP.SimpleFactory.csproj", "{B99B1D90-4E98-462D-A4AB-3FD61793B23D}"
EndProject
Project("{9A19103F-16F7-4668-BE54-9A1E7A4F7556}") = "DP.Factory", "DP.Factory\DP.Factory.csproj", "{E271B3D7-D73E-496C-A78C-4785BE521404}"
EndProject
Project("{9A19103F-16F7-4668-BE54-9A1E7A4F7556}") = "Utility", "Utility\Utility.csproj", "{1667ADD8-6207-4A2F-9841-D5A69EE92385}"
EndProject
Project("{9A19103F-16F7-4668-BE54-9A1E7A4F7556}") = "DP.AbstractFactory", "DP.AbstractFactory\DP.AbstractFactory.csproj", "{56F2510A-02D6-4D12-BE58-C732ABC7CDB0}"
EndProject
Project("{2150E333-8FDC-42A3-9474-1A3956D46DE8}") = "01.创建型", "01.创建型", "{A91C9253-EEE1-468F-817E-2DBC9C4342E5}"
EndProject
Project("{9A19103F-16F7-4668-BE54-9A1E7A4F7556}") = "DP.Adapter", "DP.Adapter\DP.Adapter.csproj", "{1AD205BF-6CBF-496D-ADCC-10F5D86CDF4A}"
EndProject
Project("{9A19103F-16F7-4668-BE54-9A1E7A4F7556}") = "DP.Facade", "DP.Facade\DP.Facade.csproj", "{7446A7BB-D895-4DB5-A036-639B946A8788}"
EndProject
Project("{9A19103F-16F7-4668-BE54-9A1E7A4F7556}") = "DP.Composite", "DP.Composite\DP.Composite.csproj", "{2EB0468B-D85D-4431-BC02-C0FBC1EC96ED}"
EndProject
Project("{9A19103F-16F7-4668-BE54-9A1E7A4F7556}") = "DP.Proxy", "DP.Proxy\DP.Proxy.csproj", "{F077256E-97D0-4D38-A90B-EDB45D45626E}"
EndProject
Project("{2150E333-8FDC-42A3-9474-1A3956D46DE8}") = "02.结构型", "02.结构型", "{4CA41177-6EF1-44B5-A4B9-05426E1E7537}"
EndProject
Project("{9A19103F-16F7-4668-BE54-9A1E7A4F7556}") = "DP.Observer", "DP.Observer\DP.Observer.csproj", "{B5BE566B-B68D-4C60-939E-A63A5B2B2BD6}"
EndProject
Project("{9A19103F-16F7-4668-BE54-9A1E7A4F7556}") = "DP.Strategy", "DP.Strategy\DP.Strategy.csproj", "{AE9C858B-A2D6-43FD-8D6B-D74AFAE9B13B}"
EndProject
Project("{9A19103F-16F7-4668-BE54-9A1E7A4F7556}") = "DP.Command", "DP.Command\DP.Command.csproj", "{6BED74EF-95DA-4538-9524-DBACFE83382F}"
EndProject
Project("{9A19103F-16F7-4668-BE54-9A1E7A4F7556}") = "DP.Iterator", "DP.Iterator\DP.Iterator.csproj", "{9E97FD7D-BFE5-452A-8B74-087B18668309}"
EndProject
Project("{2150E333-8FDC-42A3-9474-1A3956D46DE8}") = "03.行为型", "03.行为型", "{099A7834-AEB7-4696-9ED9-F79F169F3A4D}"
EndProject
Project("{9A19103F-16F7-4668-BE54-9A1E7A4F7556}") = "A.Sorting", "A.Sorting\A.Sorting.csproj", "{3F699A7F-9B5B-4E69-A778-1310235B5071}"
EndProject
Project("{9A19103F-16F7-4668-BE54-9A1E7A4F7556}") = "A.Search", "A.Search\A.Search.csproj", "{51FD33AB-E143-48B3-967F-8CAFF1F71396}"
EndProject
Project("{2150E333-8FDC-42A3-9474-1A3956D46DE8}") = "Demos", "Demos", "{407A078F-BA52-4A5E-9355-A3710A4C0596}"
EndProject
Project("{9A19103F-16F7-4668-BE54-9A1E7A4F7556}") = "Demo.Interview", "Demo.Interview\Demo.Interview.csproj", "{9E695870-CFCF-41DD-80DF-BB71012A9A5F}"
EndProject
Project("{9A19103F-16F7-4668-BE54-9A1E7A4F7556}") = "Demo.CSharpSyntax", "Demo.CSharpSyntax\Demo.CSharpSyntax.csproj", "{25B652F1-7409-43EB-94C0-8D84378D72E2}"
EndProject
Project("{FAE04EC0-301F-11D3-BF4B-00C04F79EFBC}") = "A.Fuck", "A.Fuck\A.Fuck.csproj", "{F770308F-9D76-4CD3-AACF-B7A58D70E6E7}"
EndProject
Global
	GlobalSection(SolutionConfigurationPlatforms) = preSolution
		Debug|Any CPU = Debug|Any CPU
		Release|Any CPU = Release|Any CPU
	EndGlobalSection
	GlobalSection(ProjectConfigurationPlatforms) = postSolution
		{D4075144-F2B0-4A9B-A85F-C2DD1825604E}.Debug|Any CPU.ActiveCfg = Debug|Any CPU
		{D4075144-F2B0-4A9B-A85F-C2DD1825604E}.Debug|Any CPU.Build.0 = Debug|Any CPU
		{D4075144-F2B0-4A9B-A85F-C2DD1825604E}.Release|Any CPU.ActiveCfg = Release|Any CPU
		{D4075144-F2B0-4A9B-A85F-C2DD1825604E}.Release|Any CPU.Build.0 = Release|Any CPU
		{2A6F9DCC-DDA8-420D-8E4E-C397C5CB75BA}.Debug|Any CPU.ActiveCfg = Debug|Any CPU
		{2A6F9DCC-DDA8-420D-8E4E-C397C5CB75BA}.Debug|Any CPU.Build.0 = Debug|Any CPU
		{2A6F9DCC-DDA8-420D-8E4E-C397C5CB75BA}.Release|Any CPU.ActiveCfg = Release|Any CPU
		{2A6F9DCC-DDA8-420D-8E4E-C397C5CB75BA}.Release|Any CPU.Build.0 = Release|Any CPU
		{317D6783-D48A-457E-B14C-156707467B51}.Debug|Any CPU.ActiveCfg = Debug|Any CPU
		{317D6783-D48A-457E-B14C-156707467B51}.Debug|Any CPU.Build.0 = Debug|Any CPU
		{317D6783-D48A-457E-B14C-156707467B51}.Release|Any CPU.ActiveCfg = Release|Any CPU
		{317D6783-D48A-457E-B14C-156707467B51}.Release|Any CPU.Build.0 = Release|Any CPU
		{C2279329-8980-4F85-97D4-9D2B76B296E6}.Debug|Any CPU.ActiveCfg = Debug|Any CPU
		{C2279329-8980-4F85-97D4-9D2B76B296E6}.Debug|Any CPU.Build.0 = Debug|Any CPU
		{C2279329-8980-4F85-97D4-9D2B76B296E6}.Release|Any CPU.ActiveCfg = Release|Any CPU
		{C2279329-8980-4F85-97D4-9D2B76B296E6}.Release|Any CPU.Build.0 = Release|Any CPU
		{B66295C2-3EE1-4F01-9F44-789D4EA8F52A}.Debug|Any CPU.ActiveCfg = Debug|Any CPU
		{B66295C2-3EE1-4F01-9F44-789D4EA8F52A}.Debug|Any CPU.Build.0 = Debug|Any CPU
		{B66295C2-3EE1-4F01-9F44-789D4EA8F52A}.Release|Any CPU.ActiveCfg = Release|Any CPU
		{B66295C2-3EE1-4F01-9F44-789D4EA8F52A}.Release|Any CPU.Build.0 = Release|Any CPU
		{B99B1D90-4E98-462D-A4AB-3FD61793B23D}.Debug|Any CPU.ActiveCfg = Debug|Any CPU
		{B99B1D90-4E98-462D-A4AB-3FD61793B23D}.Debug|Any CPU.Build.0 = Debug|Any CPU
		{B99B1D90-4E98-462D-A4AB-3FD61793B23D}.Release|Any CPU.ActiveCfg = Release|Any CPU
		{B99B1D90-4E98-462D-A4AB-3FD61793B23D}.Release|Any CPU.Build.0 = Release|Any CPU
		{E271B3D7-D73E-496C-A78C-4785BE521404}.Debug|Any CPU.ActiveCfg = Debug|Any CPU
		{E271B3D7-D73E-496C-A78C-4785BE521404}.Debug|Any CPU.Build.0 = Debug|Any CPU
		{E271B3D7-D73E-496C-A78C-4785BE521404}.Release|Any CPU.ActiveCfg = Release|Any CPU
		{E271B3D7-D73E-496C-A78C-4785BE521404}.Release|Any CPU.Build.0 = Release|Any CPU
		{1667ADD8-6207-4A2F-9841-D5A69EE92385}.Debug|Any CPU.ActiveCfg = Debug|Any CPU
		{1667ADD8-6207-4A2F-9841-D5A69EE92385}.Debug|Any CPU.Build.0 = Debug|Any CPU
		{1667ADD8-6207-4A2F-9841-D5A69EE92385}.Release|Any CPU.ActiveCfg = Release|Any CPU
		{1667ADD8-6207-4A2F-9841-D5A69EE92385}.Release|Any CPU.Build.0 = Release|Any CPU
		{56F2510A-02D6-4D12-BE58-C732ABC7CDB0}.Debug|Any CPU.ActiveCfg = Debug|Any CPU
		{56F2510A-02D6-4D12-BE58-C732ABC7CDB0}.Debug|Any CPU.Build.0 = Debug|Any CPU
		{56F2510A-02D6-4D12-BE58-C732ABC7CDB0}.Release|Any CPU.ActiveCfg = Release|Any CPU
		{56F2510A-02D6-4D12-BE58-C732ABC7CDB0}.Release|Any CPU.Build.0 = Release|Any CPU
		{1AD205BF-6CBF-496D-ADCC-10F5D86CDF4A}.Debug|Any CPU.ActiveCfg = Debug|Any CPU
		{1AD205BF-6CBF-496D-ADCC-10F5D86CDF4A}.Debug|Any CPU.Build.0 = Debug|Any CPU
		{1AD205BF-6CBF-496D-ADCC-10F5D86CDF4A}.Release|Any CPU.ActiveCfg = Release|Any CPU
		{1AD205BF-6CBF-496D-ADCC-10F5D86CDF4A}.Release|Any CPU.Build.0 = Release|Any CPU
		{7446A7BB-D895-4DB5-A036-639B946A8788}.Debug|Any CPU.ActiveCfg = Debug|Any CPU
		{7446A7BB-D895-4DB5-A036-639B946A8788}.Debug|Any CPU.Build.0 = Debug|Any CPU
		{7446A7BB-D895-4DB5-A036-639B946A8788}.Release|Any CPU.ActiveCfg = Release|Any CPU
		{7446A7BB-D895-4DB5-A036-639B946A8788}.Release|Any CPU.Build.0 = Release|Any CPU
		{2EB0468B-D85D-4431-BC02-C0FBC1EC96ED}.Debug|Any CPU.ActiveCfg = Debug|Any CPU
		{2EB0468B-D85D-4431-BC02-C0FBC1EC96ED}.Debug|Any CPU.Build.0 = Debug|Any CPU
		{2EB0468B-D85D-4431-BC02-C0FBC1EC96ED}.Release|Any CPU.ActiveCfg = Release|Any CPU
		{2EB0468B-D85D-4431-BC02-C0FBC1EC96ED}.Release|Any CPU.Build.0 = Release|Any CPU
		{F077256E-97D0-4D38-A90B-EDB45D45626E}.Debug|Any CPU.ActiveCfg = Debug|Any CPU
		{F077256E-97D0-4D38-A90B-EDB45D45626E}.Debug|Any CPU.Build.0 = Debug|Any CPU
		{F077256E-97D0-4D38-A90B-EDB45D45626E}.Release|Any CPU.ActiveCfg = Release|Any CPU
		{F077256E-97D0-4D38-A90B-EDB45D45626E}.Release|Any CPU.Build.0 = Release|Any CPU
		{B5BE566B-B68D-4C60-939E-A63A5B2B2BD6}.Debug|Any CPU.ActiveCfg = Debug|Any CPU
		{B5BE566B-B68D-4C60-939E-A63A5B2B2BD6}.Debug|Any CPU.Build.0 = Debug|Any CPU
		{B5BE566B-B68D-4C60-939E-A63A5B2B2BD6}.Release|Any CPU.ActiveCfg = Release|Any CPU
		{B5BE566B-B68D-4C60-939E-A63A5B2B2BD6}.Release|Any CPU.Build.0 = Release|Any CPU
		{AE9C858B-A2D6-43FD-8D6B-D74AFAE9B13B}.Debug|Any CPU.ActiveCfg = Debug|Any CPU
		{AE9C858B-A2D6-43FD-8D6B-D74AFAE9B13B}.Debug|Any CPU.Build.0 = Debug|Any CPU
		{AE9C858B-A2D6-43FD-8D6B-D74AFAE9B13B}.Release|Any CPU.ActiveCfg = Release|Any CPU
		{AE9C858B-A2D6-43FD-8D6B-D74AFAE9B13B}.Release|Any CPU.Build.0 = Release|Any CPU
		{6BED74EF-95DA-4538-9524-DBACFE83382F}.Debug|Any CPU.ActiveCfg = Debug|Any CPU
		{6BED74EF-95DA-4538-9524-DBACFE83382F}.Debug|Any CPU.Build.0 = Debug|Any CPU
		{6BED74EF-95DA-4538-9524-DBACFE83382F}.Release|Any CPU.ActiveCfg = Release|Any CPU
		{6BED74EF-95DA-4538-9524-DBACFE83382F}.Release|Any CPU.Build.0 = Release|Any CPU
		{9E97FD7D-BFE5-452A-8B74-087B18668309}.Debug|Any CPU.ActiveCfg = Debug|Any CPU
		{9E97FD7D-BFE5-452A-8B74-087B18668309}.Debug|Any CPU.Build.0 = Debug|Any CPU
		{9E97FD7D-BFE5-452A-8B74-087B18668309}.Release|Any CPU.ActiveCfg = Release|Any CPU
		{9E97FD7D-BFE5-452A-8B74-087B18668309}.Release|Any CPU.Build.0 = Release|Any CPU
		{3F699A7F-9B5B-4E69-A778-1310235B5071}.Debug|Any CPU.ActiveCfg = Debug|Any CPU
		{3F699A7F-9B5B-4E69-A778-1310235B5071}.Debug|Any CPU.Build.0 = Debug|Any CPU
		{3F699A7F-9B5B-4E69-A778-1310235B5071}.Release|Any CPU.ActiveCfg = Release|Any CPU
		{3F699A7F-9B5B-4E69-A778-1310235B5071}.Release|Any CPU.Build.0 = Release|Any CPU
		{51FD33AB-E143-48B3-967F-8CAFF1F71396}.Debug|Any CPU.ActiveCfg = Debug|Any CPU
		{51FD33AB-E143-48B3-967F-8CAFF1F71396}.Debug|Any CPU.Build.0 = Debug|Any CPU
		{51FD33AB-E143-48B3-967F-8CAFF1F71396}.Release|Any CPU.ActiveCfg = Release|Any CPU
		{51FD33AB-E143-48B3-967F-8CAFF1F71396}.Release|Any CPU.Build.0 = Release|Any CPU
		{9E695870-CFCF-41DD-80DF-BB71012A9A5F}.Debug|Any CPU.ActiveCfg = Debug|Any CPU
		{9E695870-CFCF-41DD-80DF-BB71012A9A5F}.Debug|Any CPU.Build.0 = Debug|Any CPU
		{9E695870-CFCF-41DD-80DF-BB71012A9A5F}.Release|Any CPU.ActiveCfg = Release|Any CPU
		{9E695870-CFCF-41DD-80DF-BB71012A9A5F}.Release|Any CPU.Build.0 = Release|Any CPU
		{25B652F1-7409-43EB-94C0-8D84378D72E2}.Debug|Any CPU.ActiveCfg = Debug|Any CPU
		{25B652F1-7409-43EB-94C0-8D84378D72E2}.Debug|Any CPU.Build.0 = Debug|Any CPU
		{25B652F1-7409-43EB-94C0-8D84378D72E2}.Release|Any CPU.ActiveCfg = Release|Any CPU
		{25B652F1-7409-43EB-94C0-8D84378D72E2}.Release|Any CPU.Build.0 = Release|Any CPU
		{F770308F-9D76-4CD3-AACF-B7A58D70E6E7}.Debug|Any CPU.ActiveCfg = Debug|Any CPU
		{F770308F-9D76-4CD3-AACF-B7A58D70E6E7}.Debug|Any CPU.Build.0 = Debug|Any CPU
		{F770308F-9D76-4CD3-AACF-B7A58D70E6E7}.Release|Any CPU.ActiveCfg = Release|Any CPU
		{F770308F-9D76-4CD3-AACF-B7A58D70E6E7}.Release|Any CPU.Build.0 = Release|Any CPU
	EndGlobalSection
	GlobalSection(SolutionProperties) = preSolution
		HideSolutionNode = FALSE
	EndGlobalSection
	GlobalSection(NestedProjects) = preSolution
		{D4075144-F2B0-4A9B-A85F-C2DD1825604E} = {A410B1EF-366C-47F7-8008-A67689C0840B}
		{2A6F9DCC-DDA8-420D-8E4E-C397C5CB75BA} = {A410B1EF-366C-47F7-8008-A67689C0840B}
		{317D6783-D48A-457E-B14C-156707467B51} = {A410B1EF-366C-47F7-8008-A67689C0840B}
		{C2279329-8980-4F85-97D4-9D2B76B296E6} = {A410B1EF-366C-47F7-8008-A67689C0840B}
		{B66295C2-3EE1-4F01-9F44-789D4EA8F52A} = {A91C9253-EEE1-468F-817E-2DBC9C4342E5}
		{B99B1D90-4E98-462D-A4AB-3FD61793B23D} = {A91C9253-EEE1-468F-817E-2DBC9C4342E5}
		{E271B3D7-D73E-496C-A78C-4785BE521404} = {A91C9253-EEE1-468F-817E-2DBC9C4342E5}
		{56F2510A-02D6-4D12-BE58-C732ABC7CDB0} = {A91C9253-EEE1-468F-817E-2DBC9C4342E5}
		{A91C9253-EEE1-468F-817E-2DBC9C4342E5} = {78DBCBAC-65B6-4BA1-AAE7-20C6AD165653}
		{1AD205BF-6CBF-496D-ADCC-10F5D86CDF4A} = {4CA41177-6EF1-44B5-A4B9-05426E1E7537}
		{7446A7BB-D895-4DB5-A036-639B946A8788} = {4CA41177-6EF1-44B5-A4B9-05426E1E7537}
		{2EB0468B-D85D-4431-BC02-C0FBC1EC96ED} = {4CA41177-6EF1-44B5-A4B9-05426E1E7537}
		{F077256E-97D0-4D38-A90B-EDB45D45626E} = {4CA41177-6EF1-44B5-A4B9-05426E1E7537}
		{4CA41177-6EF1-44B5-A4B9-05426E1E7537} = {78DBCBAC-65B6-4BA1-AAE7-20C6AD165653}
		{B5BE566B-B68D-4C60-939E-A63A5B2B2BD6} = {099A7834-AEB7-4696-9ED9-F79F169F3A4D}
		{AE9C858B-A2D6-43FD-8D6B-D74AFAE9B13B} = {099A7834-AEB7-4696-9ED9-F79F169F3A4D}
		{6BED74EF-95DA-4538-9524-DBACFE83382F} = {099A7834-AEB7-4696-9ED9-F79F169F3A4D}
		{9E97FD7D-BFE5-452A-8B74-087B18668309} = {099A7834-AEB7-4696-9ED9-F79F169F3A4D}
		{099A7834-AEB7-4696-9ED9-F79F169F3A4D} = {78DBCBAC-65B6-4BA1-AAE7-20C6AD165653}
		{3F699A7F-9B5B-4E69-A778-1310235B5071} = {943325AD-CBE7-4FF6-9724-FF41657DD658}
		{51FD33AB-E143-48B3-967F-8CAFF1F71396} = {943325AD-CBE7-4FF6-9724-FF41657DD658}
		{9E695870-CFCF-41DD-80DF-BB71012A9A5F} = {407A078F-BA52-4A5E-9355-A3710A4C0596}
		{25B652F1-7409-43EB-94C0-8D84378D72E2} = {407A078F-BA52-4A5E-9355-A3710A4C0596}
		{F770308F-9D76-4CD3-AACF-B7A58D70E6E7} = {943325AD-CBE7-4FF6-9724-FF41657DD658}
	EndGlobalSection
	GlobalSection(ExtensibilityGlobals) = postSolution
		SolutionGuid = {97BC30B8-BD45-4AAC-9D2F-0752F845082E}
	EndGlobalSection
EndGlobal
